
Microsoft Visual Studio Solution File, Format Version 12.00
# Visual Studio 15
VisualStudioVersion = 15.0.28307.852
MinimumVisualStudioVersion = 10.0.40219.1
Project("{FAE04EC0-301F-11D3-BF4B-00C04F79EFBC}") = "Model", "Model\Model.csproj", "{2AF1DD57-4546-4907-B7AC-EE584098E501}"
EndProject
Project("{FAE04EC0-301F-11D3-BF4B-00C04F79EFBC}") = "UnitTests", "UnitTests\UnitTests.csproj", "{E9B1EFA7-66AB-4AD5-9E18-1118A94D4AD4}"
EndProject
Global
	GlobalSection(SolutionConfigurationPlatforms) = preSolution
		Debug|Any CPU = Debug|Any CPU
		Release|Any CPU = Release|Any CPU
	EndGlobalSection
	GlobalSection(ProjectConfigurationPlatforms) = postSolution
		{2AF1DD57-4546-4907-B7AC-EE584098E501}.Debug|Any CPU.ActiveCfg = Debug|Any CPU
		{2AF1DD57-4546-4907-B7AC-EE584098E501}.Debug|Any CPU.Build.0 = Debug|Any CPU
		{2AF1DD57-4546-4907-B7AC-EE584098E501}.Release|Any CPU.ActiveCfg = Release|Any CPU
		{2AF1DD57-4546-4907-B7AC-EE584098E501}.Release|Any CPU.Build.0 = Release|Any CPU
		{E9B1EFA7-66AB-4AD5-9E18-1118A94D4AD4}.Debug|Any CPU.ActiveCfg = Debug|Any CPU
		{E9B1EFA7-66AB-4AD5-9E18-1118A94D4AD4}.Debug|Any CPU.Build.0 = Debug|Any CPU
		{E9B1EFA7-66AB-4AD5-9E18-1118A94D4AD4}.Release|Any CPU.ActiveCfg = Release|Any CPU
		{E9B1EFA7-66AB-4AD5-9E18-1118A94D4AD4}.Release|Any CPU.Build.0 = Release|Any CPU
	EndGlobalSection
	GlobalSection(SolutionProperties) = preSolution
		HideSolutionNode = FALSE
	EndGlobalSection
	GlobalSection(ExtensibilityGlobals) = postSolution
		SolutionGuid = {3F24A1A8-B4B3-473F-BDF2-530FDB9D4779}
	EndGlobalSection
EndGlobal
