
Microsoft Visual Studio Solution File, Format Version 12.00
# Visual Studio Version 16
VisualStudioVersion = 16.0.29806.167
MinimumVisualStudioVersion = 10.0.40219.1
Project("{FAE04EC0-301F-11D3-BF4B-00C04F79EFBC}") = "Model", "Model\Model.csproj", "{BCE063B3-36AA-4416-8130-DAB0B108A4BD}"
EndProject
Project("{FAE04EC0-301F-11D3-BF4B-00C04F79EFBC}") = "UnitTests", "UnitTests\UnitTests.csproj", "{9A76D2F3-E740-4E59-BFB4-D2DF1C54AF01}"
EndProject
Project("{FAE04EC0-301F-11D3-BF4B-00C04F79EFBC}") = "ArrangeFleetGUI", "ArrangeFleetGUI\ArrangeFleetGUI.csproj", "{651BD823-60F6-4C54-89CC-497EF3B16DD7}"
EndProject
Global
	GlobalSection(SolutionConfigurationPlatforms) = preSolution
		Debug|Any CPU = Debug|Any CPU
		Release|Any CPU = Release|Any CPU
	EndGlobalSection
	GlobalSection(ProjectConfigurationPlatforms) = postSolution
		{BCE063B3-36AA-4416-8130-DAB0B108A4BD}.Debug|Any CPU.ActiveCfg = Debug|Any CPU
		{BCE063B3-36AA-4416-8130-DAB0B108A4BD}.Debug|Any CPU.Build.0 = Debug|Any CPU
		{BCE063B3-36AA-4416-8130-DAB0B108A4BD}.Release|Any CPU.ActiveCfg = Release|Any CPU
		{BCE063B3-36AA-4416-8130-DAB0B108A4BD}.Release|Any CPU.Build.0 = Release|Any CPU
		{9A76D2F3-E740-4E59-BFB4-D2DF1C54AF01}.Debug|Any CPU.ActiveCfg = Debug|Any CPU
		{9A76D2F3-E740-4E59-BFB4-D2DF1C54AF01}.Debug|Any CPU.Build.0 = Debug|Any CPU
		{9A76D2F3-E740-4E59-BFB4-D2DF1C54AF01}.Release|Any CPU.ActiveCfg = Release|Any CPU
		{9A76D2F3-E740-4E59-BFB4-D2DF1C54AF01}.Release|Any CPU.Build.0 = Release|Any CPU
		{651BD823-60F6-4C54-89CC-497EF3B16DD7}.Debug|Any CPU.ActiveCfg = Debug|Any CPU
		{651BD823-60F6-4C54-89CC-497EF3B16DD7}.Debug|Any CPU.Build.0 = Debug|Any CPU
		{651BD823-60F6-4C54-89CC-497EF3B16DD7}.Release|Any CPU.ActiveCfg = Release|Any CPU
		{651BD823-60F6-4C54-89CC-497EF3B16DD7}.Release|Any CPU.Build.0 = Release|Any CPU
	EndGlobalSection
	GlobalSection(SolutionProperties) = preSolution
		HideSolutionNode = FALSE
	EndGlobalSection
	GlobalSection(ExtensibilityGlobals) = postSolution
		SolutionGuid = {3F24A1A8-B4B3-473F-BDF2-530FDB9D4779}
	EndGlobalSection
EndGlobal
